
Microsoft Visual Studio Solution File, Format Version 12.00
# Visual Studio Version 17
VisualStudioVersion = 17.5.002.0
MinimumVisualStudioVersion = 10.0.40219.1
Project("{9A19103F-16F7-4668-BE54-9A1E7A4F7556}") = "API", "API.csproj", "{6E2B15CC-4A9C-49E8-AAAE-45FC0CE922C8}"
EndProject
Project("{FAE04EC0-301F-11D3-BF4B-00C04F79EFBC}") = "Core", "Core\Core.csproj", "{41C34E5A-5C08-4147-9E20-94431501DB14}"
EndProject
Project("{FAE04EC0-301F-11D3-BF4B-00C04F79EFBC}") = "Infrastructure", "Infrastructure\Infrastructure.csproj", "{7BC5E3C7-C3FC-48AB-87C2-19FAE7AC9332}"
EndProject
Global
	GlobalSection(SolutionConfigurationPlatforms) = preSolution
		Debug|Any CPU = Debug|Any CPU
		Release|Any CPU = Release|Any CPU
	EndGlobalSection
	GlobalSection(ProjectConfigurationPlatforms) = postSolution
		{6E2B15CC-4A9C-49E8-AAAE-45FC0CE922C8}.Debug|Any CPU.ActiveCfg = Debug|Any CPU
		{6E2B15CC-4A9C-49E8-AAAE-45FC0CE922C8}.Debug|Any CPU.Build.0 = Debug|Any CPU
		{6E2B15CC-4A9C-49E8-AAAE-45FC0CE922C8}.Release|Any CPU.ActiveCfg = Release|Any CPU
		{6E2B15CC-4A9C-49E8-AAAE-45FC0CE922C8}.Release|Any CPU.Build.0 = Release|Any CPU
		{41C34E5A-5C08-4147-9E20-94431501DB14}.Debug|Any CPU.ActiveCfg = Debug|Any CPU
		{41C34E5A-5C08-4147-9E20-94431501DB14}.Debug|Any CPU.Build.0 = Debug|Any CPU
		{41C34E5A-5C08-4147-9E20-94431501DB14}.Release|Any CPU.ActiveCfg = Release|Any CPU
		{41C34E5A-5C08-4147-9E20-94431501DB14}.Release|Any CPU.Build.0 = Release|Any CPU
		{7BC5E3C7-C3FC-48AB-87C2-19FAE7AC9332}.Debug|Any CPU.ActiveCfg = Debug|Any CPU
		{7BC5E3C7-C3FC-48AB-87C2-19FAE7AC9332}.Debug|Any CPU.Build.0 = Debug|Any CPU
		{7BC5E3C7-C3FC-48AB-87C2-19FAE7AC9332}.Release|Any CPU.ActiveCfg = Release|Any CPU
		{7BC5E3C7-C3FC-48AB-87C2-19FAE7AC9332}.Release|Any CPU.Build.0 = Release|Any CPU
	EndGlobalSection
	GlobalSection(SolutionProperties) = preSolution
		HideSolutionNode = FALSE
	EndGlobalSection
	GlobalSection(ExtensibilityGlobals) = postSolution
		SolutionGuid = {00370EE2-A4D2-4D18-8398-F160A82EA538}
	EndGlobalSection
EndGlobal
